// !$*UTF8*$!
{
	archiveVersion = 1;
	classes = {
	};
	objectVersion = 50;
	objects = {

/* Begin PBXBuildFile section */
		EF2BA06A2124C92900DA7E47 /* RscpExampleMain.cpp in Sources */ = {isa = PBXBuildFile; fileRef = EF2BA0622124C92800DA7E47 /* RscpExampleMain.cpp */; };
		EF2BA06B2124C92900DA7E47 /* RscpProtocol.cpp in Sources */ = {isa = PBXBuildFile; fileRef = EF2BA0632124C92800DA7E47 /* RscpProtocol.cpp */; };
		EF2BA06D2124C92900DA7E47 /* AES.cpp in Sources */ = {isa = PBXBuildFile; fileRef = EF2BA0672124C92800DA7E47 /* AES.cpp */; };
		EF2BA06E2124C92900DA7E47 /* SocketConnection.cpp in Sources */ = {isa = PBXBuildFile; fileRef = EF2BA0682124C92800DA7E47 /* SocketConnection.cpp */; };
		EF73FD5C27543B500061652C /* awattar.cpp in Sources */ = {isa = PBXBuildFile; fileRef = EF73FD5B27543B500061652C /* awattar.cpp */; };
		EF73FD6227543C800061652C /* SunriseCalc.cpp in Sources */ = {isa = PBXBuildFile; fileRef = EF73FD6127543C800061652C /* SunriseCalc.cpp */; };
/* End PBXBuildFile section */

/* Begin PBXCopyFilesBuildPhase section */
		EFDD5B6C2124C726008DDBEA /* CopyFiles */ = {
			isa = PBXCopyFilesBuildPhase;
			buildActionMask = 2147483647;
			dstPath = /usr/share/man/man1/;
			dstSubfolderSpec = 0;
			files = (
			);
			runOnlyForDeploymentPostprocessing = 1;
		};
/* End PBXCopyFilesBuildPhase section */

/* Begin PBXFileReference section */
		EF2BA0602124C92800DA7E47 /* RscpProtocol.h */ = {isa = PBXFileReference; fileEncoding = 4; lastKnownFileType = sourcecode.c.h; path = RscpProtocol.h; sourceTree = SOURCE_ROOT; };
		EF2BA0612124C92800DA7E47 /* RscpTags.h */ = {isa = PBXFileReference; fileEncoding = 4; lastKnownFileType = sourcecode.c.h; path = RscpTags.h; sourceTree = SOURCE_ROOT; };
		EF2BA0622124C92800DA7E47 /* RscpExampleMain.cpp */ = {isa = PBXFileReference; fileEncoding = 4; lastKnownFileType = sourcecode.cpp.cpp; path = RscpExampleMain.cpp; sourceTree = SOURCE_ROOT; };
		EF2BA0632124C92800DA7E47 /* RscpProtocol.cpp */ = {isa = PBXFileReference; fileEncoding = 4; lastKnownFileType = sourcecode.cpp.cpp; path = RscpProtocol.cpp; sourceTree = SOURCE_ROOT; };
		EF2BA0642124C92800DA7E47 /* RscpTypes.h */ = {isa = PBXFileReference; fileEncoding = 4; lastKnownFileType = sourcecode.c.h; path = RscpTypes.h; sourceTree = SOURCE_ROOT; };
		EF2BA0652124C92800DA7E47 /* Makefile */ = {isa = PBXFileReference; fileEncoding = 4; lastKnownFileType = sourcecode.make; path = Makefile; sourceTree = SOURCE_ROOT; };
		EF2BA0662124C92800DA7E47 /* AES.h */ = {isa = PBXFileReference; fileEncoding = 4; lastKnownFileType = sourcecode.c.h; path = AES.h; sourceTree = SOURCE_ROOT; };
		EF2BA0672124C92800DA7E47 /* AES.cpp */ = {isa = PBXFileReference; fileEncoding = 4; lastKnownFileType = sourcecode.cpp.cpp; path = AES.cpp; sourceTree = SOURCE_ROOT; };
		EF2BA0682124C92800DA7E47 /* SocketConnection.cpp */ = {isa = PBXFileReference; fileEncoding = 4; lastKnownFileType = sourcecode.cpp.cpp; path = SocketConnection.cpp; sourceTree = SOURCE_ROOT; };
		EF2BA0692124C92800DA7E47 /* SocketConnection.h */ = {isa = PBXFileReference; fileEncoding = 4; lastKnownFileType = sourcecode.c.h; path = SocketConnection.h; sourceTree = SOURCE_ROOT; };
		EF47F9EA212596F60058FF15 /* E3DC_CONF.h */ = {isa = PBXFileReference; lastKnownFileType = sourcecode.c.h; path = E3DC_CONF.h; sourceTree = SOURCE_ROOT; };
		EF73FD5B27543B500061652C /* awattar.cpp */ = {isa = PBXFileReference; fileEncoding = 4; lastKnownFileType = sourcecode.cpp.cpp; path = awattar.cpp; sourceTree = SOURCE_ROOT; };
		EF73FD5D27543B690061652C /* awattar.hpp */ = {isa = PBXFileReference; fileEncoding = 4; lastKnownFileType = sourcecode.cpp.h; path = awattar.hpp; sourceTree = SOURCE_ROOT; };
		EF73FD6127543C800061652C /* SunriseCalc.cpp */ = {isa = PBXFileReference; fileEncoding = 4; lastKnownFileType = sourcecode.cpp.cpp; path = SunriseCalc.cpp; sourceTree = SOURCE_ROOT; };
		EF73FD6327543C930061652C /* SunriseCalc.hpp */ = {isa = PBXFileReference; fileEncoding = 4; lastKnownFileType = sourcecode.cpp.h; path = SunriseCalc.hpp; sourceTree = SOURCE_ROOT; };
		EFDD5B6E2124C726008DDBEA /* RscpExcample */ = {isa = PBXFileReference; explicitFileType = "compiled.mach-o.executable"; includeInIndex = 0; path = RscpExcample; sourceTree = BUILT_PRODUCTS_DIR; };
		EFE280162757BBB900527A93 /* awattar.out */ = {isa = PBXFileReference; lastKnownFileType = file; path = awattar.out; sourceTree = SOURCE_ROOT; };
		EFE280172757BC4B00527A93 /* e3dc.wallbox.txt */ = {isa = PBXFileReference; fileEncoding = 4; lastKnownFileType = text; path = e3dc.wallbox.txt; sourceTree = SOURCE_ROOT; };
/* End PBXFileReference section */

/* Begin PBXFrameworksBuildPhase section */
		EFDD5B6B2124C726008DDBEA /* Frameworks */ = {
			isa = PBXFrameworksBuildPhase;
			buildActionMask = 2147483647;
			files = (
			);
			runOnlyForDeploymentPostprocessing = 0;
		};
/* End PBXFrameworksBuildPhase section */

/* Begin PBXGroup section */
		EFDD5B652124C726008DDBEA = {
			isa = PBXGroup;
			children = (
				EFDD5B702124C726008DDBEA /* RscpExcample */,
				EFDD5B6F2124C726008DDBEA /* Products */,
			);
			sourceTree = "<group>";
		};
		EFDD5B6F2124C726008DDBEA /* Products */ = {
			isa = PBXGroup;
			children = (
				EFDD5B6E2124C726008DDBEA /* RscpExcample */,
			);
			name = Products;
			sourceTree = "<group>";
		};
		EFDD5B702124C726008DDBEA /* RscpExcample */ = {
			isa = PBXGroup;
			children = (
				EF2BA0672124C92800DA7E47 /* AES.cpp */,
				EF2BA0662124C92800DA7E47 /* AES.h */,
				EF2BA0652124C92800DA7E47 /* Makefile */,
				EF2BA0622124C92800DA7E47 /* RscpExampleMain.cpp */,
				EF73FD5D27543B690061652C /* awattar.hpp */,
				EF73FD5B27543B500061652C /* awattar.cpp */,
				EFE280162757BBB900527A93 /* awattar.out */,
				EFE280172757BC4B00527A93 /* e3dc.wallbox.txt */,
				EF47F9EA212596F60058FF15 /* E3DC_CONF.h */,
				EF2BA0632124C92800DA7E47 /* RscpProtocol.cpp */,
				EF2BA0602124C92800DA7E47 /* RscpProtocol.h */,
				EF2BA0612124C92800DA7E47 /* RscpTags.h */,
				EF2BA0642124C92800DA7E47 /* RscpTypes.h */,
				EF2BA0682124C92800DA7E47 /* SocketConnection.cpp */,
				EF2BA0692124C92800DA7E47 /* SocketConnection.h */,
				EF73FD6327543C930061652C /* SunriseCalc.hpp */,
				EF73FD6127543C800061652C /* SunriseCalc.cpp */,
			);
			path = RscpExcample;
			sourceTree = "<group>";
		};
/* End PBXGroup section */

/* Begin PBXNativeTarget section */
		EFDD5B6D2124C726008DDBEA /* RscpExcample */ = {
			isa = PBXNativeTarget;
			buildConfigurationList = EFDD5B752124C726008DDBEA /* Build configuration list for PBXNativeTarget "RscpExcample" */;
			buildPhases = (
				EFDD5B6A2124C726008DDBEA /* Sources */,
				EFDD5B6B2124C726008DDBEA /* Frameworks */,
				EFDD5B6C2124C726008DDBEA /* CopyFiles */,
			);
			buildRules = (
			);
			dependencies = (
			);
			name = RscpExcample;
			productName = RscpExcample;
			productReference = EFDD5B6E2124C726008DDBEA /* RscpExcample */;
			productType = "com.apple.product-type.tool";
		};
/* End PBXNativeTarget section */

/* Begin PBXProject section */
		EFDD5B662124C726008DDBEA /* Project object */ = {
			isa = PBXProject;
			attributes = {
				LastUpgradeCheck = 1300;
				ORGANIZATIONNAME = "Eberhard Mayer";
				TargetAttributes = {
					EFDD5B6D2124C726008DDBEA = {
						CreatedOnToolsVersion = 10.0;
					};
				};
			};
			buildConfigurationList = EFDD5B692124C726008DDBEA /* Build configuration list for PBXProject "RscpExcample" */;
			compatibilityVersion = "Xcode 9.3";
			developmentRegion = en;
			hasScannedForEncodings = 0;
			knownRegions = (
				en,
				Base,
			);
			mainGroup = EFDD5B652124C726008DDBEA;
			productRefGroup = EFDD5B6F2124C726008DDBEA /* Products */;
			projectDirPath = "";
			projectRoot = "";
			targets = (
				EFDD5B6D2124C726008DDBEA /* RscpExcample */,
			);
		};
/* End PBXProject section */

/* Begin PBXSourcesBuildPhase section */
		EFDD5B6A2124C726008DDBEA /* Sources */ = {
			isa = PBXSourcesBuildPhase;
			buildActionMask = 2147483647;
			files = (
				EF2BA06D2124C92900DA7E47 /* AES.cpp in Sources */,
				EF2BA06A2124C92900DA7E47 /* RscpExampleMain.cpp in Sources */,
				EF2BA06B2124C92900DA7E47 /* RscpProtocol.cpp in Sources */,
				EF73FD6227543C800061652C /* SunriseCalc.cpp in Sources */,
				EF2BA06E2124C92900DA7E47 /* SocketConnection.cpp in Sources */,
				EF73FD5C27543B500061652C /* awattar.cpp in Sources */,
			);
			runOnlyForDeploymentPostprocessing = 0;
		};
/* End PBXSourcesBuildPhase section */

/* Begin XCBuildConfiguration section */
		EFDD5B732124C726008DDBEA /* Debug */ = {
			isa = XCBuildConfiguration;
			buildSettings = {
				ALWAYS_SEARCH_USER_PATHS = NO;
				CLANG_ANALYZER_NONNULL = YES;
				CLANG_ANALYZER_NUMBER_OBJECT_CONVERSION = YES_AGGRESSIVE;
				CLANG_CXX_LANGUAGE_STANDARD = "gnu++14";
				CLANG_CXX_LIBRARY = "libc++";
				CLANG_ENABLE_MODULES = YES;
				CLANG_ENABLE_OBJC_ARC = YES;
				CLANG_ENABLE_OBJC_WEAK = YES;
				CLANG_WARN_BLOCK_CAPTURE_AUTORELEASING = YES;
				CLANG_WARN_BOOL_CONVERSION = YES;
				CLANG_WARN_COMMA = YES;
				CLANG_WARN_CONSTANT_CONVERSION = YES;
				CLANG_WARN_DEPRECATED_OBJC_IMPLEMENTATIONS = YES;
				CLANG_WARN_DIRECT_OBJC_ISA_USAGE = YES_ERROR;
				CLANG_WARN_DOCUMENTATION_COMMENTS = YES;
				CLANG_WARN_EMPTY_BODY = YES;
				CLANG_WARN_ENUM_CONVERSION = YES;
				CLANG_WARN_INFINITE_RECURSION = YES;
				CLANG_WARN_INT_CONVERSION = YES;
				CLANG_WARN_NON_LITERAL_NULL_CONVERSION = YES;
				CLANG_WARN_OBJC_IMPLICIT_RETAIN_SELF = YES;
				CLANG_WARN_OBJC_LITERAL_CONVERSION = YES;
				CLANG_WARN_OBJC_ROOT_CLASS = YES_ERROR;
				CLANG_WARN_QUOTED_INCLUDE_IN_FRAMEWORK_HEADER = YES;
				CLANG_WARN_RANGE_LOOP_ANALYSIS = YES;
				CLANG_WARN_STRICT_PROTOTYPES = YES;
				CLANG_WARN_SUSPICIOUS_MOVE = YES;
				CLANG_WARN_UNGUARDED_AVAILABILITY = YES_AGGRESSIVE;
				CLANG_WARN_UNREACHABLE_CODE = YES;
				CLANG_WARN__DUPLICATE_METHOD_MATCH = YES;
				CODE_SIGN_IDENTITY = "-";
				COPY_PHASE_STRIP = NO;
				DEBUG_INFORMATION_FORMAT = dwarf;
				ENABLE_STRICT_OBJC_MSGSEND = YES;
				ENABLE_TESTABILITY = YES;
				GCC_C_LANGUAGE_STANDARD = gnu11;
				GCC_DYNAMIC_NO_PIC = NO;
				GCC_NO_COMMON_BLOCKS = YES;
				GCC_OPTIMIZATION_LEVEL = 0;
				GCC_PREPROCESSOR_DEFINITIONS = (
					"DEBUG=1",
					"$(inherited)",
				);
				GCC_WARN_64_TO_32_BIT_CONVERSION = YES;
				GCC_WARN_ABOUT_RETURN_TYPE = YES_ERROR;
				GCC_WARN_UNDECLARED_SELECTOR = YES;
				GCC_WARN_UNINITIALIZED_AUTOS = YES_AGGRESSIVE;
				GCC_WARN_UNUSED_FUNCTION = YES;
				GCC_WARN_UNUSED_VARIABLE = YES;
				MACOSX_DEPLOYMENT_TARGET = 10.13;
				MTL_ENABLE_DEBUG_INFO = INCLUDE_SOURCE;
				MTL_FAST_MATH = YES;
				ONLY_ACTIVE_ARCH = YES;
				SDKROOT = macosx;
			};
			name = Debug;
		};
		EFDD5B742124C726008DDBEA /* Release */ = {
			isa = XCBuildConfiguration;
			buildSettings = {
				ALWAYS_SEARCH_USER_PATHS = NO;
				CLANG_ANALYZER_NONNULL = YES;
				CLANG_ANALYZER_NUMBER_OBJECT_CONVERSION = YES_AGGRESSIVE;
				CLANG_CXX_LANGUAGE_STANDARD = "gnu++14";
				CLANG_CXX_LIBRARY = "libc++";
				CLANG_ENABLE_MODULES = YES;
				CLANG_ENABLE_OBJC_ARC = YES;
				CLANG_ENABLE_OBJC_WEAK = YES;
				CLANG_WARN_BLOCK_CAPTURE_AUTORELEASING = YES;
				CLANG_WARN_BOOL_CONVERSION = YES;
				CLANG_WARN_COMMA = YES;
				CLANG_WARN_CONSTANT_CONVERSION = YES;
				CLANG_WARN_DEPRECATED_OBJC_IMPLEMENTATIONS = YES;
				CLANG_WARN_DIRECT_OBJC_ISA_USAGE = YES_ERROR;
				CLANG_WARN_DOCUMENTATION_COMMENTS = YES;
				CLANG_WARN_EMPTY_BODY = YES;
				CLANG_WARN_ENUM_CONVERSION = YES;
				CLANG_WARN_INFINITE_RECURSION = YES;
				CLANG_WARN_INT_CONVERSION = YES;
				CLANG_WARN_NON_LITERAL_NULL_CONVERSION = YES;
				CLANG_WARN_OBJC_IMPLICIT_RETAIN_SELF = YES;
				CLANG_WARN_OBJC_LITERAL_CONVERSION = YES;
				CLANG_WARN_OBJC_ROOT_CLASS = YES_ERROR;
				CLANG_WARN_QUOTED_INCLUDE_IN_FRAMEWORK_HEADER = YES;
				CLANG_WARN_RANGE_LOOP_ANALYSIS = YES;
				CLANG_WARN_STRICT_PROTOTYPES = YES;
				CLANG_WARN_SUSPICIOUS_MOVE = YES;
				CLANG_WARN_UNGUARDED_AVAILABILITY = YES_AGGRESSIVE;
				CLANG_WARN_UNREACHABLE_CODE = YES;
				CLANG_WARN__DUPLICATE_METHOD_MATCH = YES;
				CODE_SIGN_IDENTITY = "-";
				COPY_PHASE_STRIP = NO;
				DEBUG_INFORMATION_FORMAT = "dwarf-with-dsym";
				ENABLE_NS_ASSERTIONS = NO;
				ENABLE_STRICT_OBJC_MSGSEND = YES;
				GCC_C_LANGUAGE_STANDARD = gnu11;
				GCC_NO_COMMON_BLOCKS = YES;
				GCC_WARN_64_TO_32_BIT_CONVERSION = YES;
				GCC_WARN_ABOUT_RETURN_TYPE = YES_ERROR;
				GCC_WARN_UNDECLARED_SELECTOR = YES;
				GCC_WARN_UNINITIALIZED_AUTOS = YES_AGGRESSIVE;
				GCC_WARN_UNUSED_FUNCTION = YES;
				GCC_WARN_UNUSED_VARIABLE = YES;
				MACOSX_DEPLOYMENT_TARGET = 10.13;
				MTL_ENABLE_DEBUG_INFO = NO;
				MTL_FAST_MATH = YES;
				SDKROOT = macosx;
			};
			name = Release;
		};
		EFDD5B762124C726008DDBEA /* Debug */ = {
			isa = XCBuildConfiguration;
			buildSettings = {
				CODE_SIGN_IDENTITY = "-";
				CODE_SIGN_STYLE = Automatic;
				PRODUCT_NAME = "$(TARGET_NAME)";
			};
			name = Debug;
		};
		EFDD5B772124C726008DDBEA /* Release */ = {
			isa = XCBuildConfiguration;
			buildSettings = {
				CODE_SIGN_IDENTITY = "-";
				CODE_SIGN_STYLE = Automatic;
				PRODUCT_NAME = "$(TARGET_NAME)";
			};
			name = Release;
		};
/* End XCBuildConfiguration section */

/* Begin XCConfigurationList section */
		EFDD5B692124C726008DDBEA /* Build configuration list for PBXProject "RscpExcample" */ = {
			isa = XCConfigurationList;
			buildConfigurations = (
				EFDD5B732124C726008DDBEA /* Debug */,
				EFDD5B742124C726008DDBEA /* Release */,
			);
			defaultConfigurationIsVisible = 0;
			defaultConfigurationName = Release;
		};
		EFDD5B752124C726008DDBEA /* Build configuration list for PBXNativeTarget "RscpExcample" */ = {
			isa = XCConfigurationList;
			buildConfigurations = (
				EFDD5B762124C726008DDBEA /* Debug */,
				EFDD5B772124C726008DDBEA /* Release */,
			);
			defaultConfigurationIsVisible = 0;
			defaultConfigurationName = Release;
		};
/* End XCConfigurationList section */
	};
	rootObject = EFDD5B662124C726008DDBEA /* Project object */;
}
